
Microsoft Visual Studio Solution File, Format Version 12.00
# Visual Studio Version 17
VisualStudioVersion = 17.5.33530.505
MinimumVisualStudioVersion = 10.0.40219.1
Project("{8BC9CEB8-8B4A-11D0-8D11-00A0C91BC942}") = "StudentCppRevisionTask02Project", "StudentCppRevisionTask02Project.vcxproj", "{39D911A4-3F1A-45E1-8594-DA674B922E2C}"
EndProject
Global
	GlobalSection(SolutionConfigurationPlatforms) = preSolution
		Debug|x64 = Debug|x64
		Debug|x86 = Debug|x86
		Release|x64 = Release|x64
		Release|x86 = Release|x86
	EndGlobalSection
	GlobalSection(ProjectConfigurationPlatforms) = postSolution
		{39D911A4-3F1A-45E1-8594-DA674B922E2C}.Debug|x64.ActiveCfg = Debug|x64
		{39D911A4-3F1A-45E1-8594-DA674B922E2C}.Debug|x64.Build.0 = Debug|x64
		{39D911A4-3F1A-45E1-8594-DA674B922E2C}.Debug|x86.ActiveCfg = Debug|Win32
		{39D911A4-3F1A-45E1-8594-DA674B922E2C}.Debug|x86.Build.0 = Debug|Win32
		{39D911A4-3F1A-45E1-8594-DA674B922E2C}.Release|x64.ActiveCfg = Release|x64
		{39D911A4-3F1A-45E1-8594-DA674B922E2C}.Release|x64.Build.0 = Release|x64
		{39D911A4-3F1A-45E1-8594-DA674B922E2C}.Release|x86.ActiveCfg = Release|Win32
		{39D911A4-3F1A-45E1-8594-DA674B922E2C}.Release|x86.Build.0 = Release|Win32
	EndGlobalSection
	GlobalSection(SolutionProperties) = preSolution
		HideSolutionNode = FALSE
	EndGlobalSection
	GlobalSection(ExtensibilityGlobals) = postSolution
		SolutionGuid = {83D6C699-FF92-4801-AB8D-5C012359E9C9}
	EndGlobalSection
EndGlobal
